
Microsoft Visual Studio Solution File, Format Version 12.00
# Visual Studio Version 17
VisualStudioVersion = 17.14.36717.8
MinimumVisualStudioVersion = 10.0.40219.1
Project("{FAE04EC0-301F-11D3-BF4B-00C04F79EFBC}") = "Day1", "Solutions\Day1\Day1.csproj", "{ED2992B3-9979-4ACD-A346-EAB56B8113C7}"
EndProject
Project("{FAE04EC0-301F-11D3-BF4B-00C04F79EFBC}") = "AocHelpers", "Shared\AocHelpers\AocHelpers.csproj", "{B2E32CDE-B6D7-46AE-B3BA-7190FD0C08EF}"
EndProject
Project("{2150E333-8FDC-42A3-9474-1A3956D46DE8}") = "Shared", "Shared", "{02EA681E-C7D8-13C7-8484-4AC65E1B71E8}"
EndProject
Project("{2150E333-8FDC-42A3-9474-1A3956D46DE8}") = "Solutions", "Solutions", "{2972ECD8-1610-42B6-831B-2CD33280707E}"
EndProject
Project("{FAE04EC0-301F-11D3-BF4B-00C04F79EFBC}") = "Day2", "Solutions\Day2\Day2.csproj", "{4CFFE8D6-1D48-A4A5-CB39-FEF1D94612C6}"
EndProject
Project("{2150E333-8FDC-42A3-9474-1A3956D46DE8}") = "Tests", "Tests", "{F45C367F-2DA3-4822-9888-06F618BC646C}"
EndProject
Project("{FAE04EC0-301F-11D3-BF4B-00C04F79EFBC}") = "AocTests", "Tests\AocTests\AocTests.csproj", "{9BE6FD3E-83D7-42B2-852C-443E88B8609D}"
EndProject
Project("{FAE04EC0-301F-11D3-BF4B-00C04F79EFBC}") = "Day3", "Solutions\Day3\Day3.csproj", "{3E999694-0E64-4FFF-83A4-73C7A1B17EE3}"
EndProject
Project("{FAE04EC0-301F-11D3-BF4B-00C04F79EFBC}") = "Day4", "Solutions\Day4\Day4.csproj", "{AD45C965-422B-4F6F-B46C-EF391B186527}"
EndProject
Project("{2150E333-8FDC-42A3-9474-1A3956D46DE8}") = "Solution Items", "Solution Items", "{8EC462FD-D22E-90A8-E5CE-7E832BA40C5D}"
	ProjectSection(SolutionItems) = preProject
		Setup.txt = Setup.txt
	EndProjectSection
EndProject
Project("{FAE04EC0-301F-11D3-BF4B-00C04F79EFBC}") = "Day5", "Solutions\Day5\Day5.csproj", "{9C30E6B5-5A58-4321-B38F-E2EB5ED7B60D}"
EndProject
Project("{FAE04EC0-301F-11D3-BF4B-00C04F79EFBC}") = "Day6", "Solutions\Day6\Day6.csproj", "{C34416F3-8170-428D-811F-72406FBBA9EA}"
EndProject
Project("{FAE04EC0-301F-11D3-BF4B-00C04F79EFBC}") = "Day7", "Solutions\Day7\Day7.csproj", "{003D0037-C200-4EF1-ACBF-5B95DBD52E13}"
EndProject
Project("{FAE04EC0-301F-11D3-BF4B-00C04F79EFBC}") = "Day8", "Solutions\Day8\Day8.csproj", "{C4AA654B-E491-41D8-AA9D-729F60E9338B}"
EndProject
Project("{FAE04EC0-301F-11D3-BF4B-00C04F79EFBC}") = "Day9", "Solutions\Day9\Day9.csproj", "{1E9A04E1-AFBB-4BB3-9E73-DF16FE86F0F7}"
EndProject
Project("{FAE04EC0-301F-11D3-BF4B-00C04F79EFBC}") = "Day10", "Solutions\Day10\Day10.csproj", "{E9A218D1-1E85-4DDD-BBB4-A69803108D1E}"
EndProject
Project("{FAE04EC0-301F-11D3-BF4B-00C04F79EFBC}") = "Day11", "Solutions\Day11\Day11.csproj", "{6C7D74E0-FCA6-415F-AF71-EA175BD159A9}"
EndProject
Global
	GlobalSection(SolutionConfigurationPlatforms) = preSolution
		Debug|Any CPU = Debug|Any CPU
		Release|Any CPU = Release|Any CPU
	EndGlobalSection
	GlobalSection(ProjectConfigurationPlatforms) = postSolution
		{ED2992B3-9979-4ACD-A346-EAB56B8113C7}.Debug|Any CPU.ActiveCfg = Debug|Any CPU
		{ED2992B3-9979-4ACD-A346-EAB56B8113C7}.Debug|Any CPU.Build.0 = Debug|Any CPU
		{ED2992B3-9979-4ACD-A346-EAB56B8113C7}.Release|Any CPU.ActiveCfg = Release|Any CPU
		{ED2992B3-9979-4ACD-A346-EAB56B8113C7}.Release|Any CPU.Build.0 = Release|Any CPU
		{B2E32CDE-B6D7-46AE-B3BA-7190FD0C08EF}.Debug|Any CPU.ActiveCfg = Debug|Any CPU
		{B2E32CDE-B6D7-46AE-B3BA-7190FD0C08EF}.Debug|Any CPU.Build.0 = Debug|Any CPU
		{B2E32CDE-B6D7-46AE-B3BA-7190FD0C08EF}.Release|Any CPU.ActiveCfg = Release|Any CPU
		{B2E32CDE-B6D7-46AE-B3BA-7190FD0C08EF}.Release|Any CPU.Build.0 = Release|Any CPU
		{4CFFE8D6-1D48-A4A5-CB39-FEF1D94612C6}.Debug|Any CPU.ActiveCfg = Debug|Any CPU
		{4CFFE8D6-1D48-A4A5-CB39-FEF1D94612C6}.Debug|Any CPU.Build.0 = Debug|Any CPU
		{4CFFE8D6-1D48-A4A5-CB39-FEF1D94612C6}.Release|Any CPU.ActiveCfg = Release|Any CPU
		{4CFFE8D6-1D48-A4A5-CB39-FEF1D94612C6}.Release|Any CPU.Build.0 = Release|Any CPU
		{9BE6FD3E-83D7-42B2-852C-443E88B8609D}.Debug|Any CPU.ActiveCfg = Debug|Any CPU
		{9BE6FD3E-83D7-42B2-852C-443E88B8609D}.Debug|Any CPU.Build.0 = Debug|Any CPU
		{9BE6FD3E-83D7-42B2-852C-443E88B8609D}.Release|Any CPU.ActiveCfg = Release|Any CPU
		{9BE6FD3E-83D7-42B2-852C-443E88B8609D}.Release|Any CPU.Build.0 = Release|Any CPU
		{3E999694-0E64-4FFF-83A4-73C7A1B17EE3}.Debug|Any CPU.ActiveCfg = Debug|Any CPU
		{3E999694-0E64-4FFF-83A4-73C7A1B17EE3}.Debug|Any CPU.Build.0 = Debug|Any CPU
		{3E999694-0E64-4FFF-83A4-73C7A1B17EE3}.Release|Any CPU.ActiveCfg = Release|Any CPU
		{3E999694-0E64-4FFF-83A4-73C7A1B17EE3}.Release|Any CPU.Build.0 = Release|Any CPU
		{AD45C965-422B-4F6F-B46C-EF391B186527}.Debug|Any CPU.ActiveCfg = Debug|Any CPU
		{AD45C965-422B-4F6F-B46C-EF391B186527}.Debug|Any CPU.Build.0 = Debug|Any CPU
		{AD45C965-422B-4F6F-B46C-EF391B186527}.Release|Any CPU.ActiveCfg = Release|Any CPU
		{AD45C965-422B-4F6F-B46C-EF391B186527}.Release|Any CPU.Build.0 = Release|Any CPU
		{9C30E6B5-5A58-4321-B38F-E2EB5ED7B60D}.Debug|Any CPU.ActiveCfg = Debug|Any CPU
		{9C30E6B5-5A58-4321-B38F-E2EB5ED7B60D}.Debug|Any CPU.Build.0 = Debug|Any CPU
		{9C30E6B5-5A58-4321-B38F-E2EB5ED7B60D}.Release|Any CPU.ActiveCfg = Release|Any CPU
		{9C30E6B5-5A58-4321-B38F-E2EB5ED7B60D}.Release|Any CPU.Build.0 = Release|Any CPU
		{C34416F3-8170-428D-811F-72406FBBA9EA}.Debug|Any CPU.ActiveCfg = Debug|Any CPU
		{C34416F3-8170-428D-811F-72406FBBA9EA}.Debug|Any CPU.Build.0 = Debug|Any CPU
		{C34416F3-8170-428D-811F-72406FBBA9EA}.Release|Any CPU.ActiveCfg = Release|Any CPU
		{C34416F3-8170-428D-811F-72406FBBA9EA}.Release|Any CPU.Build.0 = Release|Any CPU
		{003D0037-C200-4EF1-ACBF-5B95DBD52E13}.Debug|Any CPU.ActiveCfg = Debug|Any CPU
		{003D0037-C200-4EF1-ACBF-5B95DBD52E13}.Debug|Any CPU.Build.0 = Debug|Any CPU
		{003D0037-C200-4EF1-ACBF-5B95DBD52E13}.Release|Any CPU.ActiveCfg = Release|Any CPU
		{003D0037-C200-4EF1-ACBF-5B95DBD52E13}.Release|Any CPU.Build.0 = Release|Any CPU
		{C4AA654B-E491-41D8-AA9D-729F60E9338B}.Debug|Any CPU.ActiveCfg = Debug|Any CPU
		{C4AA654B-E491-41D8-AA9D-729F60E9338B}.Debug|Any CPU.Build.0 = Debug|Any CPU
		{C4AA654B-E491-41D8-AA9D-729F60E9338B}.Release|Any CPU.ActiveCfg = Release|Any CPU
		{C4AA654B-E491-41D8-AA9D-729F60E9338B}.Release|Any CPU.Build.0 = Release|Any CPU
		{1E9A04E1-AFBB-4BB3-9E73-DF16FE86F0F7}.Debug|Any CPU.ActiveCfg = Debug|Any CPU
		{1E9A04E1-AFBB-4BB3-9E73-DF16FE86F0F7}.Debug|Any CPU.Build.0 = Debug|Any CPU
		{1E9A04E1-AFBB-4BB3-9E73-DF16FE86F0F7}.Release|Any CPU.ActiveCfg = Release|Any CPU
		{1E9A04E1-AFBB-4BB3-9E73-DF16FE86F0F7}.Release|Any CPU.Build.0 = Release|Any CPU
		{E9A218D1-1E85-4DDD-BBB4-A69803108D1E}.Debug|Any CPU.ActiveCfg = Debug|Any CPU
		{E9A218D1-1E85-4DDD-BBB4-A69803108D1E}.Debug|Any CPU.Build.0 = Debug|Any CPU
		{E9A218D1-1E85-4DDD-BBB4-A69803108D1E}.Release|Any CPU.ActiveCfg = Release|Any CPU
		{E9A218D1-1E85-4DDD-BBB4-A69803108D1E}.Release|Any CPU.Build.0 = Release|Any CPU
		{6C7D74E0-FCA6-415F-AF71-EA175BD159A9}.Debug|Any CPU.ActiveCfg = Debug|Any CPU
		{6C7D74E0-FCA6-415F-AF71-EA175BD159A9}.Debug|Any CPU.Build.0 = Debug|Any CPU
		{6C7D74E0-FCA6-415F-AF71-EA175BD159A9}.Release|Any CPU.ActiveCfg = Release|Any CPU
		{6C7D74E0-FCA6-415F-AF71-EA175BD159A9}.Release|Any CPU.Build.0 = Release|Any CPU
	EndGlobalSection
	GlobalSection(SolutionProperties) = preSolution
		HideSolutionNode = FALSE
	EndGlobalSection
	GlobalSection(NestedProjects) = preSolution
		{ED2992B3-9979-4ACD-A346-EAB56B8113C7} = {2972ECD8-1610-42B6-831B-2CD33280707E}
		{B2E32CDE-B6D7-46AE-B3BA-7190FD0C08EF} = {02EA681E-C7D8-13C7-8484-4AC65E1B71E8}
		{4CFFE8D6-1D48-A4A5-CB39-FEF1D94612C6} = {2972ECD8-1610-42B6-831B-2CD33280707E}
		{9BE6FD3E-83D7-42B2-852C-443E88B8609D} = {F45C367F-2DA3-4822-9888-06F618BC646C}
		{3E999694-0E64-4FFF-83A4-73C7A1B17EE3} = {2972ECD8-1610-42B6-831B-2CD33280707E}
		{AD45C965-422B-4F6F-B46C-EF391B186527} = {2972ECD8-1610-42B6-831B-2CD33280707E}
		{9C30E6B5-5A58-4321-B38F-E2EB5ED7B60D} = {2972ECD8-1610-42B6-831B-2CD33280707E}
		{C34416F3-8170-428D-811F-72406FBBA9EA} = {2972ECD8-1610-42B6-831B-2CD33280707E}
		{003D0037-C200-4EF1-ACBF-5B95DBD52E13} = {2972ECD8-1610-42B6-831B-2CD33280707E}
		{C4AA654B-E491-41D8-AA9D-729F60E9338B} = {2972ECD8-1610-42B6-831B-2CD33280707E}
		{1E9A04E1-AFBB-4BB3-9E73-DF16FE86F0F7} = {2972ECD8-1610-42B6-831B-2CD33280707E}
		{E9A218D1-1E85-4DDD-BBB4-A69803108D1E} = {2972ECD8-1610-42B6-831B-2CD33280707E}
		{6C7D74E0-FCA6-415F-AF71-EA175BD159A9} = {2972ECD8-1610-42B6-831B-2CD33280707E}
	EndGlobalSection
	GlobalSection(ExtensibilityGlobals) = postSolution
		SolutionGuid = {3A69556E-A612-4244-9FE2-0974B12EDABC}
	EndGlobalSection
EndGlobal
